<Solution>
  <Configurations>
    <Platform Name="x64" />
    <Platform Name="x86" />
  </Configurations>
  <Project Path="notepaddotnet/notepaddotnet.vcxproj" />
  <Project Path="notepaddotnetsetup/notepaddotnetsetup.vdproj" Type="Installer">
    <Build Solution="Release|x64" />
  </Project>
</Solution>
